
Microsoft Visual Studio Solution File, Format Version 12.00
# Visual Studio Version 16
VisualStudioVersion = 16.0.34114.132
MinimumVisualStudioVersion = 10.0.40219.1
Project("{FAE04EC0-301F-11D3-BF4B-00C04F79EFBC}") = "Testing", "Testing.csproj", "{94749706-E5B4-43D9-B6AA-54A51E31D73B}"
EndProject
Global
	GlobalSection(SolutionConfigurationPlatforms) = preSolution
		Debug|Any CPU = Debug|Any CPU
		Release|Any CPU = Release|Any CPU
	EndGlobalSection
	GlobalSection(ProjectConfigurationPlatforms) = postSolution
		{94749706-E5B4-43D9-B6AA-54A51E31D73B}.Debug|Any CPU.ActiveCfg = Debug|Any CPU
		{94749706-E5B4-43D9-B6AA-54A51E31D73B}.Debug|Any CPU.Build.0 = Debug|Any CPU
		{94749706-E5B4-43D9-B6AA-54A51E31D73B}.Release|Any CPU.ActiveCfg = Release|Any CPU
		{94749706-E5B4-43D9-B6AA-54A51E31D73B}.Release|Any CPU.Build.0 = Release|Any CPU
	EndGlobalSection
	GlobalSection(SolutionProperties) = preSolution
		HideSolutionNode = FALSE
	EndGlobalSection
	GlobalSection(ExtensibilityGlobals) = postSolution
		SolutionGuid = {75B9DCB9-5F65-4C74-8D51-05ED5FECAD74}
	EndGlobalSection
EndGlobal
